
Microsoft Visual Studio Solution File, Format Version 12.00
# Visual Studio 15
VisualStudioVersion = 15.0.28010.2036
MinimumVisualStudioVersion = 10.0.40219.1
Project("{F184B08F-C81C-45F6-A57F-5ABD9991F28F}") = "vb2_exam", "vb2_exam.vbproj", "{5D34F984-26B1-4A02-91EA-DF278D8FC95D}"
EndProject
Global
	GlobalSection(SolutionConfigurationPlatforms) = preSolution
		Debug|Any CPU = Debug|Any CPU
		Release|Any CPU = Release|Any CPU
	EndGlobalSection
	GlobalSection(ProjectConfigurationPlatforms) = postSolution
		{5D34F984-26B1-4A02-91EA-DF278D8FC95D}.Debug|Any CPU.ActiveCfg = Debug|Any CPU
		{5D34F984-26B1-4A02-91EA-DF278D8FC95D}.Debug|Any CPU.Build.0 = Debug|Any CPU
		{5D34F984-26B1-4A02-91EA-DF278D8FC95D}.Release|Any CPU.ActiveCfg = Release|Any CPU
		{5D34F984-26B1-4A02-91EA-DF278D8FC95D}.Release|Any CPU.Build.0 = Release|Any CPU
	EndGlobalSection
	GlobalSection(SolutionProperties) = preSolution
		HideSolutionNode = FALSE
	EndGlobalSection
	GlobalSection(ExtensibilityGlobals) = postSolution
		SolutionGuid = {A5E40116-FF1D-4792-B073-76F20B9A5C98}
	EndGlobalSection
EndGlobal
